{
    "_readme": [
        "This file locks the dependencies of your project to a known state",
        "Read more about it at https://getcomposer.org/doc/01-basic-usage.md#installing-dependencies",
        "This file is @generated automatically"
    ],
    "content-hash": "41cb6412b856a7fcfc3f4f40c1b4024b",
    "packages": [
        {
            "name": "wp-statistics/pchart",
            "version": "1.2.3",
            "source": {
                "type": "git",
                "url": "https://github.com/wp-statistics/pchart.git",
                "reference": "721d03460b66de3d52a890c65e7d5cbf3a656059"
            },
            "dist": {
                "type": "zip",
                "url": "https://api.github.com/repos/wp-statistics/pchart/zipball/721d03460b66de3d52a890c65e7d5cbf3a656059",
                "reference": "721d03460b66de3d52a890c65e7d5cbf3a656059",
                "shasum": ""
            },
            "require": {
                "php": ">=5.4.0"
            },
            "type": "library",
            "autoload": {
                "psr-0": {
                    "pChart": "src/"
                }
            },
            "notification-url": "https://packagist.org/downloads/",
            "license": [
                "MIT"
            ],
            "authors": [
                {
                    "name": "Mostafa Soufi",
                    "email": "mostafa.soufi@hotmail.com"
                }
            ],
            "description": "A PHP Class to build Charts",
            "support": {
                "issues": "https://github.com/wp-statistics/pchart/issues",
                "source": "https://github.com/wp-statistics/pchart/tree/1.2.3"
            },
            "abandoned": true,
            "time": "2022-11-14T13:06:09+00:00"
        }
    ],
    "packages-dev": [],
    "aliases": [],
    "minimum-stability": "stable",
    "stability-flags": {},
    "prefer-stable": false,
    "prefer-lowest": false,
    "platform": {},
    "platform-dev": {},
    "plugin-api-version": "2.6.0"
}
